
Microsoft Visual Studio Solution File, Format Version 12.00
# Visual Studio Version 17
VisualStudioVersion = 17.5.33424.131
MinimumVisualStudioVersion = 10.0.40219.1
Project("{FAE04EC0-301F-11D3-BF4B-00C04F79EFBC}") = "DownloadUsingCurl", "DownloadUsingCurl\DownloadUsingCurl.csproj", "{8CD026E5-AFAC-4EC1-BFC8-9BFA43760A53}"
EndProject
Global
	GlobalSection(SolutionConfigurationPlatforms) = preSolution
		Debug|Any CPU = Debug|Any CPU
		Release|Any CPU = Release|Any CPU
	EndGlobalSection
	GlobalSection(ProjectConfigurationPlatforms) = postSolution
		{8CD026E5-AFAC-4EC1-BFC8-9BFA43760A53}.Debug|Any CPU.ActiveCfg = Debug|Any CPU
		{8CD026E5-AFAC-4EC1-BFC8-9BFA43760A53}.Debug|Any CPU.Build.0 = Debug|Any CPU
		{8CD026E5-AFAC-4EC1-BFC8-9BFA43760A53}.Release|Any CPU.ActiveCfg = Release|Any CPU
		{8CD026E5-AFAC-4EC1-BFC8-9BFA43760A53}.Release|Any CPU.Build.0 = Release|Any CPU
	EndGlobalSection
	GlobalSection(SolutionProperties) = preSolution
		HideSolutionNode = FALSE
	EndGlobalSection
	GlobalSection(ExtensibilityGlobals) = postSolution
		SolutionGuid = {D311FF6F-5603-44FC-813E-991D9D8EBEE1}
	EndGlobalSection
EndGlobal
